// !$*UTF8*$!
{
	archiveVersion = 1;
	classes = {
	};
	objectVersion = 51;
	objects = {

/* Begin PBXBuildFile section */
		335E988022B24FD900E608DA /* Item.swift in Sources */ = {isa = PBXBuildFile; fileRef = 335E987F22B24FD900E608DA /* Item.swift */; };
		335E988222B250A500E608DA /* Category.swift in Sources */ = {isa = PBXBuildFile; fileRef = 335E988122B250A500E608DA /* Category.swift */; };
		335E988422B26AC800E608DA /* ItemViewController.swift in Sources */ = {isa = PBXBuildFile; fileRef = 335E988322B26AC800E608DA /* ItemViewController.swift */; };
		33838D1022B3BE1900C7D36F /* ItemCell.swift in Sources */ = {isa = PBXBuildFile; fileRef = 33838D0F22B3BE1900C7D36F /* ItemCell.swift */; };
		33F5635222B11F48008B465B /* AppDelegate.swift in Sources */ = {isa = PBXBuildFile; fileRef = 33F5635122B11F48008B465B /* AppDelegate.swift */; };
		33F5635422B11F48008B465B /* CategoryViewController.swift in Sources */ = {isa = PBXBuildFile; fileRef = 33F5635322B11F48008B465B /* CategoryViewController.swift */; };
		33F5635722B11F48008B465B /* Main.storyboard in Resources */ = {isa = PBXBuildFile; fileRef = 33F5635522B11F48008B465B /* Main.storyboard */; };
		33F5635922B11F49008B465B /* Assets.xcassets in Resources */ = {isa = PBXBuildFile; fileRef = 33F5635822B11F49008B465B /* Assets.xcassets */; };
		33F5635C22B11F49008B465B /* LaunchScreen.storyboard in Resources */ = {isa = PBXBuildFile; fileRef = 33F5635A22B11F49008B465B /* LaunchScreen.storyboard */; };
		33F5636622B1217D008B465B /* CategoryCell.swift in Sources */ = {isa = PBXBuildFile; fileRef = 33F5636522B1217D008B465B /* CategoryCell.swift */; };
		33F9708322BE26020098A85E /* PopUpViewController.swift in Sources */ = {isa = PBXBuildFile; fileRef = 33F9708222BE26020098A85E /* PopUpViewController.swift */; };
		423D0B7AFDB0660618AB0CAA /* Pods_QuickNotes.framework in Frameworks */ = {isa = PBXBuildFile; fileRef = BC8952F6A87461C0C064E1C4 /* Pods_QuickNotes.framework */; };
/* End PBXBuildFile section */

/* Begin PBXFileReference section */
		15156076C73A2DE368989A1C /* Pods-QuickNotes.debug.xcconfig */ = {isa = PBXFileReference; includeInIndex = 1; lastKnownFileType = text.xcconfig; name = "Pods-QuickNotes.debug.xcconfig"; path = "Target Support Files/Pods-QuickNotes/Pods-QuickNotes.debug.xcconfig"; sourceTree = "<group>"; };
		335E987F22B24FD900E608DA /* Item.swift */ = {isa = PBXFileReference; lastKnownFileType = sourcecode.swift; path = Item.swift; sourceTree = "<group>"; };
		335E988122B250A500E608DA /* Category.swift */ = {isa = PBXFileReference; lastKnownFileType = sourcecode.swift; path = Category.swift; sourceTree = "<group>"; };
		335E988322B26AC800E608DA /* ItemViewController.swift */ = {isa = PBXFileReference; lastKnownFileType = sourcecode.swift; path = ItemViewController.swift; sourceTree = "<group>"; };
		33838D0F22B3BE1900C7D36F /* ItemCell.swift */ = {isa = PBXFileReference; lastKnownFileType = sourcecode.swift; path = ItemCell.swift; sourceTree = "<group>"; };
		33F5634E22B11F48008B465B /* QuickNotes.app */ = {isa = PBXFileReference; explicitFileType = wrapper.application; includeInIndex = 0; path = QuickNotes.app; sourceTree = BUILT_PRODUCTS_DIR; };
		33F5635122B11F48008B465B /* AppDelegate.swift */ = {isa = PBXFileReference; lastKnownFileType = sourcecode.swift; path = AppDelegate.swift; sourceTree = "<group>"; };
		33F5635322B11F48008B465B /* CategoryViewController.swift */ = {isa = PBXFileReference; lastKnownFileType = sourcecode.swift; path = CategoryViewController.swift; sourceTree = "<group>"; };
		33F5635622B11F48008B465B /* Base */ = {isa = PBXFileReference; lastKnownFileType = file.storyboard; name = Base; path = Base.lproj/Main.storyboard; sourceTree = "<group>"; };
		33F5635822B11F49008B465B /* Assets.xcassets */ = {isa = PBXFileReference; lastKnownFileType = folder.assetcatalog; path = Assets.xcassets; sourceTree = "<group>"; };
		33F5635B22B11F49008B465B /* Base */ = {isa = PBXFileReference; lastKnownFileType = file.storyboard; name = Base; path = Base.lproj/LaunchScreen.storyboard; sourceTree = "<group>"; };
		33F5635D22B11F49008B465B /* Info.plist */ = {isa = PBXFileReference; lastKnownFileType = text.plist.xml; path = Info.plist; sourceTree = "<group>"; };
		33F5636522B1217D008B465B /* CategoryCell.swift */ = {isa = PBXFileReference; lastKnownFileType = sourcecode.swift; path = CategoryCell.swift; sourceTree = "<group>"; };
		33F9708222BE26020098A85E /* PopUpViewController.swift */ = {isa = PBXFileReference; lastKnownFileType = sourcecode.swift; path = PopUpViewController.swift; sourceTree = "<group>"; };
		620B569200C7CDC7A235BC11 /* Pods-QuickNotes.release.xcconfig */ = {isa = PBXFileReference; includeInIndex = 1; lastKnownFileType = text.xcconfig; name = "Pods-QuickNotes.release.xcconfig"; path = "Target Support Files/Pods-QuickNotes/Pods-QuickNotes.release.xcconfig"; sourceTree = "<group>"; };
		BC8952F6A87461C0C064E1C4 /* Pods_QuickNotes.framework */ = {isa = PBXFileReference; explicitFileType = wrapper.framework; includeInIndex = 0; path = Pods_QuickNotes.framework; sourceTree = BUILT_PRODUCTS_DIR; };
/* End PBXFileReference section */

/* Begin PBXFrameworksBuildPhase section */
		33F5634B22B11F48008B465B /* Frameworks */ = {
			isa = PBXFrameworksBuildPhase;
			buildActionMask = 2147483647;
			files = (
				423D0B7AFDB0660618AB0CAA /* Pods_QuickNotes.framework in Frameworks */,
			);
			runOnlyForDeploymentPostprocessing = 0;
		};
/* End PBXFrameworksBuildPhase section */

/* Begin PBXGroup section */
		339963D822BA4F4C007F3155 /* RealmObject */ = {
			isa = PBXGroup;
			children = (
				335E988122B250A500E608DA /* Category.swift */,
				335E987F22B24FD900E608DA /* Item.swift */,
			);
			path = RealmObject;
			sourceTree = "<group>";
		};
		33F5634522B11F48008B465B = {
			isa = PBXGroup;
			children = (
				33F5635022B11F48008B465B /* QuickNotes */,
				33F5634F22B11F48008B465B /* Products */,
				59ABA0A3242C6193C6ECD2F7 /* Pods */,
				6DD175C1B2E7F6B9684BD98C /* Frameworks */,
			);
			sourceTree = "<group>";
		};
		33F5634F22B11F48008B465B /* Products */ = {
			isa = PBXGroup;
			children = (
				33F5634E22B11F48008B465B /* QuickNotes.app */,
			);
			name = Products;
			sourceTree = "<group>";
		};
		33F5635022B11F48008B465B /* QuickNotes */ = {
			isa = PBXGroup;
			children = (
				33F5635122B11F48008B465B /* AppDelegate.swift */,
				33F5636722B12186008B465B /* Model */,
				33F5636322B12010008B465B /* Controller */,
				33F5636422B12021008B465B /* View */,
				33F5635822B11F49008B465B /* Assets.xcassets */,
				33F5635A22B11F49008B465B /* LaunchScreen.storyboard */,
				33F5635D22B11F49008B465B /* Info.plist */,
			);
			path = QuickNotes;
			sourceTree = "<group>";
		};
		33F5636322B12010008B465B /* Controller */ = {
			isa = PBXGroup;
			children = (
				33F5635322B11F48008B465B /* CategoryViewController.swift */,
				335E988322B26AC800E608DA /* ItemViewController.swift */,
				33F9708222BE26020098A85E /* PopUpViewController.swift */,
			);
			path = Controller;
			sourceTree = "<group>";
		};
		33F5636422B12021008B465B /* View */ = {
			isa = PBXGroup;
			children = (
				33F5635522B11F48008B465B /* Main.storyboard */,
			);
			path = View;
			sourceTree = "<group>";
		};
		33F5636722B12186008B465B /* Model */ = {
			isa = PBXGroup;
			children = (
				339963D822BA4F4C007F3155 /* RealmObject */,
				33F5636522B1217D008B465B /* CategoryCell.swift */,
				33838D0F22B3BE1900C7D36F /* ItemCell.swift */,
			);
			path = Model;
			sourceTree = "<group>";
		};
		59ABA0A3242C6193C6ECD2F7 /* Pods */ = {
			isa = PBXGroup;
			children = (
				15156076C73A2DE368989A1C /* Pods-QuickNotes.debug.xcconfig */,
				620B569200C7CDC7A235BC11 /* Pods-QuickNotes.release.xcconfig */,
			);
			path = Pods;
			sourceTree = "<group>";
		};
		6DD175C1B2E7F6B9684BD98C /* Frameworks */ = {
			isa = PBXGroup;
			children = (
				BC8952F6A87461C0C064E1C4 /* Pods_QuickNotes.framework */,
			);
			name = Frameworks;
			sourceTree = "<group>";
		};
/* End PBXGroup section */

/* Begin PBXNativeTarget section */
		33F5634D22B11F48008B465B /* QuickNotes */ = {
			isa = PBXNativeTarget;
			buildConfigurationList = 33F5636022B11F49008B465B /* Build configuration list for PBXNativeTarget "QuickNotes" */;
			buildPhases = (
				7048E4A248284A3ADA348FC0 /* [CP] Check Pods Manifest.lock */,
				33F5634A22B11F48008B465B /* Sources */,
				33F5634B22B11F48008B465B /* Frameworks */,
				33F5634C22B11F48008B465B /* Resources */,
				5B2454A659FD7495A275C660 /* [CP] Embed Pods Frameworks */,
			);
			buildRules = (
			);
			dependencies = (
			);
			name = QuickNotes;
			productName = QuickNotes;
			productReference = 33F5634E22B11F48008B465B /* QuickNotes.app */;
			productType = "com.apple.product-type.application";
		};
/* End PBXNativeTarget section */

/* Begin PBXProject section */
		33F5634622B11F48008B465B /* Project object */ = {
			isa = PBXProject;
			attributes = {
				LastSwiftUpdateCheck = 1020;
				LastUpgradeCheck = 1020;
				ORGANIZATIONNAME = "Anand Gupta";
				TargetAttributes = {
					33F5634D22B11F48008B465B = {
						CreatedOnToolsVersion = 10.2.1;
					};
				};
			};
			buildConfigurationList = 33F5634922B11F48008B465B /* Build configuration list for PBXProject "QuickNotes" */;
			compatibilityVersion = "Xcode 9.3";
			developmentRegion = en;
			hasScannedForEncodings = 0;
			knownRegions = (
				en,
				Base,
			);
			mainGroup = 33F5634522B11F48008B465B;
			productRefGroup = 33F5634F22B11F48008B465B /* Products */;
			projectDirPath = "";
			projectRoot = "";
			targets = (
				33F5634D22B11F48008B465B /* QuickNotes */,
			);
		};
/* End PBXProject section */

/* Begin PBXResourcesBuildPhase section */
		33F5634C22B11F48008B465B /* Resources */ = {
			isa = PBXResourcesBuildPhase;
			buildActionMask = 2147483647;
			files = (
				33F5635C22B11F49008B465B /* LaunchScreen.storyboard in Resources */,
				33F5635922B11F49008B465B /* Assets.xcassets in Resources */,
				33F5635722B11F48008B465B /* Main.storyboard in Resources */,
			);
			runOnlyForDeploymentPostprocessing = 0;
		};
/* End PBXResourcesBuildPhase section */

/* Begin PBXShellScriptBuildPhase section */
		5B2454A659FD7495A275C660 /* [CP] Embed Pods Frameworks */ = {
			isa = PBXShellScriptBuildPhase;
			buildActionMask = 2147483647;
			files = (
			);
			inputFileListPaths = (
				"${PODS_ROOT}/Target Support Files/Pods-QuickNotes/Pods-QuickNotes-frameworks-${CONFIGURATION}-input-files.xcfilelist",
			);
			name = "[CP] Embed Pods Frameworks";
			outputFileListPaths = (
				"${PODS_ROOT}/Target Support Files/Pods-QuickNotes/Pods-QuickNotes-frameworks-${CONFIGURATION}-output-files.xcfilelist",
			);
			runOnlyForDeploymentPostprocessing = 0;
			shellPath = /bin/sh;
			shellScript = "\"${PODS_ROOT}/Target Support Files/Pods-QuickNotes/Pods-QuickNotes-frameworks.sh\"\n";
			showEnvVarsInLog = 0;
		};
		7048E4A248284A3ADA348FC0 /* [CP] Check Pods Manifest.lock */ = {
			isa = PBXShellScriptBuildPhase;
			buildActionMask = 2147483647;
			files = (
			);
			inputFileListPaths = (
			);
			inputPaths = (
				"${PODS_PODFILE_DIR_PATH}/Podfile.lock",
				"${PODS_ROOT}/Manifest.lock",
			);
			name = "[CP] Check Pods Manifest.lock";
			outputFileListPaths = (
			);
			outputPaths = (
				"$(DERIVED_FILE_DIR)/Pods-QuickNotes-checkManifestLockResult.txt",
			);
			runOnlyForDeploymentPostprocessing = 0;
			shellPath = /bin/sh;
			shellScript = "diff \"${PODS_PODFILE_DIR_PATH}/Podfile.lock\" \"${PODS_ROOT}/Manifest.lock\" > /dev/null\nif [ $? != 0 ] ; then\n    # print error to STDERR\n    echo \"error: The sandbox is not in sync with the Podfile.lock. Run 'pod install' or update your CocoaPods installation.\" >&2\n    exit 1\nfi\n# This output is used by Xcode 'outputs' to avoid re-running this script phase.\necho \"SUCCESS\" > \"${SCRIPT_OUTPUT_FILE_0}\"\n";
			showEnvVarsInLog = 0;
		};
/* End PBXShellScriptBuildPhase section */

/* Begin PBXSourcesBuildPhase section */
		33F5634A22B11F48008B465B /* Sources */ = {
			isa = PBXSourcesBuildPhase;
			buildActionMask = 2147483647;
			files = (
				335E988022B24FD900E608DA /* Item.swift in Sources */,
				335E988222B250A500E608DA /* Category.swift in Sources */,
				33F5635422B11F48008B465B /* CategoryViewController.swift in Sources */,
				335E988422B26AC800E608DA /* ItemViewController.swift in Sources */,
				33838D1022B3BE1900C7D36F /* ItemCell.swift in Sources */,
				33F5635222B11F48008B465B /* AppDelegate.swift in Sources */,
				33F5636622B1217D008B465B /* CategoryCell.swift in Sources */,
				33F9708322BE26020098A85E /* PopUpViewController.swift in Sources */,
			);
			runOnlyForDeploymentPostprocessing = 0;
		};
/* End PBXSourcesBuildPhase section */

/* Begin PBXVariantGroup section */
		33F5635522B11F48008B465B /* Main.storyboard */ = {
			isa = PBXVariantGroup;
			children = (
				33F5635622B11F48008B465B /* Base */,
			);
			name = Main.storyboard;
			sourceTree = "<group>";
		};
		33F5635A22B11F49008B465B /* LaunchScreen.storyboard */ = {
			isa = PBXVariantGroup;
			children = (
				33F5635B22B11F49008B465B /* Base */,
			);
			name = LaunchScreen.storyboard;
			sourceTree = "<group>";
		};
/* End PBXVariantGroup section */

/* Begin XCBuildConfiguration section */
		33F5635E22B11F49008B465B /* Debug */ = {
			isa = XCBuildConfiguration;
			buildSettings = {
				ALWAYS_SEARCH_USER_PATHS = NO;
				CLANG_ANALYZER_NONNULL = YES;
				CLANG_ANALYZER_NUMBER_OBJECT_CONVERSION = YES_AGGRESSIVE;
				CLANG_CXX_LANGUAGE_STANDARD = "gnu++14";
				CLANG_CXX_LIBRARY = "libc++";
				CLANG_ENABLE_MODULES = YES;
				CLANG_ENABLE_OBJC_ARC = YES;
				CLANG_ENABLE_OBJC_WEAK = YES;
				CLANG_WARN_BLOCK_CAPTURE_AUTORELEASING = YES;
				CLANG_WARN_BOOL_CONVERSION = YES;
				CLANG_WARN_COMMA = YES;
				CLANG_WARN_CONSTANT_CONVERSION = YES;
				CLANG_WARN_DEPRECATED_OBJC_IMPLEMENTATIONS = YES;
				CLANG_WARN_DIRECT_OBJC_ISA_USAGE = YES_ERROR;
				CLANG_WARN_DOCUMENTATION_COMMENTS = YES;
				CLANG_WARN_EMPTY_BODY = YES;
				CLANG_WARN_ENUM_CONVERSION = YES;
				CLANG_WARN_INFINITE_RECURSION = YES;
				CLANG_WARN_INT_CONVERSION = YES;
				CLANG_WARN_NON_LITERAL_NULL_CONVERSION = YES;
				CLANG_WARN_OBJC_IMPLICIT_RETAIN_SELF = YES;
				CLANG_WARN_OBJC_LITERAL_CONVERSION = YES;
				CLANG_WARN_OBJC_ROOT_CLASS = YES_ERROR;
				CLANG_WARN_RANGE_LOOP_ANALYSIS = YES;
				CLANG_WARN_STRICT_PROTOTYPES = YES;
				CLANG_WARN_SUSPICIOUS_MOVE = YES;
				CLANG_WARN_UNGUARDED_AVAILABILITY = YES_AGGRESSIVE;
				CLANG_WARN_UNREACHABLE_CODE = YES;
				CLANG_WARN__DUPLICATE_METHOD_MATCH = YES;
				CODE_SIGN_IDENTITY = "iPhone Developer";
				COPY_PHASE_STRIP = NO;
				DEBUG_INFORMATION_FORMAT = dwarf;
				ENABLE_STRICT_OBJC_MSGSEND = YES;
				ENABLE_TESTABILITY = YES;
				GCC_C_LANGUAGE_STANDARD = gnu11;
				GCC_DYNAMIC_NO_PIC = NO;
				GCC_NO_COMMON_BLOCKS = YES;
				GCC_OPTIMIZATION_LEVEL = 0;
				GCC_PREPROCESSOR_DEFINITIONS = (
					"DEBUG=1",
					"$(inherited)",
				);
				GCC_WARN_64_TO_32_BIT_CONVERSION = YES;
				GCC_WARN_ABOUT_RETURN_TYPE = YES_ERROR;
				GCC_WARN_UNDECLARED_SELECTOR = YES;
				GCC_WARN_UNINITIALIZED_AUTOS = YES_AGGRESSIVE;
				GCC_WARN_UNUSED_FUNCTION = YES;
				GCC_WARN_UNUSED_VARIABLE = YES;
				IPHONEOS_DEPLOYMENT_TARGET = 12.2;
				MTL_ENABLE_DEBUG_INFO = INCLUDE_SOURCE;
				MTL_FAST_MATH = YES;
				ONLY_ACTIVE_ARCH = YES;
				SDKROOT = iphoneos;
				SWIFT_ACTIVE_COMPILATION_CONDITIONS = DEBUG;
				SWIFT_OPTIMIZATION_LEVEL = "-Onone";
			};
			name = Debug;
		};
		33F5635F22B11F49008B465B /* Release */ = {
			isa = XCBuildConfiguration;
			buildSettings = {
				ALWAYS_SEARCH_USER_PATHS = NO;
				CLANG_ANALYZER_NONNULL = YES;
				CLANG_ANALYZER_NUMBER_OBJECT_CONVERSION = YES_AGGRESSIVE;
				CLANG_CXX_LANGUAGE_STANDARD = "gnu++14";
				CLANG_CXX_LIBRARY = "libc++";
				CLANG_ENABLE_MODULES = YES;
				CLANG_ENABLE_OBJC_ARC = YES;
				CLANG_ENABLE_OBJC_WEAK = YES;
				CLANG_WARN_BLOCK_CAPTURE_AUTORELEASING = YES;
				CLANG_WARN_BOOL_CONVERSION = YES;
				CLANG_WARN_COMMA = YES;
				CLANG_WARN_CONSTANT_CONVERSION = YES;
				CLANG_WARN_DEPRECATED_OBJC_IMPLEMENTATIONS = YES;
				CLANG_WARN_DIRECT_OBJC_ISA_USAGE = YES_ERROR;
				CLANG_WARN_DOCUMENTATION_COMMENTS = YES;
				CLANG_WARN_EMPTY_BODY = YES;
				CLANG_WARN_ENUM_CONVERSION = YES;
				CLANG_WARN_INFINITE_RECURSION = YES;
				CLANG_WARN_INT_CONVERSION = YES;
				CLANG_WARN_NON_LITERAL_NULL_CONVERSION = YES;
				CLANG_WARN_OBJC_IMPLICIT_RETAIN_SELF = YES;
				CLANG_WARN_OBJC_LITERAL_CONVERSION = YES;
				CLANG_WARN_OBJC_ROOT_CLASS = YES_ERROR;
				CLANG_WARN_RANGE_LOOP_ANALYSIS = YES;
				CLANG_WARN_STRICT_PROTOTYPES = YES;
				CLANG_WARN_SUSPICIOUS_MOVE = YES;
				CLANG_WARN_UNGUARDED_AVAILABILITY = YES_AGGRESSIVE;
				CLANG_WARN_UNREACHABLE_CODE = YES;
				CLANG_WARN__DUPLICATE_METHOD_MATCH = YES;
				CODE_SIGN_IDENTITY = "iPhone Developer";
				COPY_PHASE_STRIP = NO;
				DEBUG_INFORMATION_FORMAT = "dwarf-with-dsym";
				ENABLE_NS_ASSERTIONS = NO;
				ENABLE_STRICT_OBJC_MSGSEND = YES;
				GCC_C_LANGUAGE_STANDARD = gnu11;
				GCC_NO_COMMON_BLOCKS = YES;
				GCC_WARN_64_TO_32_BIT_CONVERSION = YES;
				GCC_WARN_ABOUT_RETURN_TYPE = YES_ERROR;
				GCC_WARN_UNDECLARED_SELECTOR = YES;
				GCC_WARN_UNINITIALIZED_AUTOS = YES_AGGRESSIVE;
				GCC_WARN_UNUSED_FUNCTION = YES;
				GCC_WARN_UNUSED_VARIABLE = YES;
				IPHONEOS_DEPLOYMENT_TARGET = 12.2;
				MTL_ENABLE_DEBUG_INFO = NO;
				MTL_FAST_MATH = YES;
				SDKROOT = iphoneos;
				SWIFT_COMPILATION_MODE = wholemodule;
				SWIFT_OPTIMIZATION_LEVEL = "-O";
				VALIDATE_PRODUCT = YES;
			};
			name = Release;
		};
		33F5636122B11F49008B465B /* Debug */ = {
			isa = XCBuildConfiguration;
			baseConfigurationReference = 15156076C73A2DE368989A1C /* Pods-QuickNotes.debug.xcconfig */;
			buildSettings = {
				ASSETCATALOG_COMPILER_APPICON_NAME = AppIcon;
				CODE_SIGN_STYLE = Automatic;
				DEVELOPMENT_TEAM = K3ZKLY8Y82;
				INFOPLIST_FILE = QuickNotes/Info.plist;
				LD_RUNPATH_SEARCH_PATHS = (
					"$(inherited)",
					"@executable_path/Frameworks",
				);
				PRODUCT_BUNDLE_IDENTIFIER = com.anand12cs07.QuickNotes;
				PRODUCT_NAME = "$(TARGET_NAME)";
				SWIFT_VERSION = 5.0;
				TARGETED_DEVICE_FAMILY = 1;
			};
			name = Debug;
		};
		33F5636222B11F49008B465B /* Release */ = {
			isa = XCBuildConfiguration;
			baseConfigurationReference = 620B569200C7CDC7A235BC11 /* Pods-QuickNotes.release.xcconfig */;
			buildSettings = {
				ASSETCATALOG_COMPILER_APPICON_NAME = AppIcon;
				CODE_SIGN_STYLE = Automatic;
				DEVELOPMENT_TEAM = K3ZKLY8Y82;
				INFOPLIST_FILE = QuickNotes/Info.plist;
				LD_RUNPATH_SEARCH_PATHS = (
					"$(inherited)",
					"@executable_path/Frameworks",
				);
				PRODUCT_BUNDLE_IDENTIFIER = com.anand12cs07.QuickNotes;
				PRODUCT_NAME = "$(TARGET_NAME)";
				SWIFT_VERSION = 5.0;
				TARGETED_DEVICE_FAMILY = 1;
			};
			name = Release;
		};
/* End XCBuildConfiguration section */

/* Begin XCConfigurationList section */
		33F5634922B11F48008B465B /* Build configuration list for PBXProject "QuickNotes" */ = {
			isa = XCConfigurationList;
			buildConfigurations = (
				33F5635E22B11F49008B465B /* Debug */,
				33F5635F22B11F49008B465B /* Release */,
			);
			defaultConfigurationIsVisible = 0;
			defaultConfigurationName = Release;
		};
		33F5636022B11F49008B465B /* Build configuration list for PBXNativeTarget "QuickNotes" */ = {
			isa = XCConfigurationList;
			buildConfigurations = (
				33F5636122B11F49008B465B /* Debug */,
				33F5636222B11F49008B465B /* Release */,
			);
			defaultConfigurationIsVisible = 0;
			defaultConfigurationName = Release;
		};
/* End XCConfigurationList section */
	};
	rootObject = 33F5634622B11F48008B465B /* Project object */;
}
